
Microsoft Visual Studio Solution File, Format Version 12.00
# Visual Studio Version 16
VisualStudioVersion = 16.0.30011.22
MinimumVisualStudioVersion = 10.0.40219.1
Project("{FAE04EC0-301F-11D3-BF4B-00C04F79EFBC}") = "Calculadora", "Calculadora\Calculadora.csproj", "{47860DFC-183A-469F-BCED-91E3D838F61D}"
EndProject
Global
	GlobalSection(SolutionConfigurationPlatforms) = preSolution
		Debug|Any CPU = Debug|Any CPU
		Release|Any CPU = Release|Any CPU
	EndGlobalSection
	GlobalSection(ProjectConfigurationPlatforms) = postSolution
		{47860DFC-183A-469F-BCED-91E3D838F61D}.Debug|Any CPU.ActiveCfg = Debug|Any CPU
		{47860DFC-183A-469F-BCED-91E3D838F61D}.Debug|Any CPU.Build.0 = Debug|Any CPU
		{47860DFC-183A-469F-BCED-91E3D838F61D}.Release|Any CPU.ActiveCfg = Release|Any CPU
		{47860DFC-183A-469F-BCED-91E3D838F61D}.Release|Any CPU.Build.0 = Release|Any CPU
	EndGlobalSection
	GlobalSection(SolutionProperties) = preSolution
		HideSolutionNode = FALSE
	EndGlobalSection
	GlobalSection(ExtensibilityGlobals) = postSolution
		SolutionGuid = {54AA3DFF-C828-42C8-AAC7-D00B6436A77E}
	EndGlobalSection
EndGlobal
